// !$*UTF8*$!
{
	archiveVersion = 1;
	classes = {
	};
	objectVersion = 46;
	objects = {

/* Begin PBXBuildFile section */
		2900C4611D922DDD006A28A7 /* CustomCell.m in Sources */ = {isa = PBXBuildFile; fileRef = 2900C4601D922DDD006A28A7 /* CustomCell.m */; };
		2900C4621D922DDD006A28A7 /* CustomCell.m in Sources */ = {isa = PBXBuildFile; fileRef = 2900C4601D922DDD006A28A7 /* CustomCell.m */; };
		2900C4731D923D88006A28A7 /* icon_1.png in Resources */ = {isa = PBXBuildFile; fileRef = 2900C4671D923D88006A28A7 /* icon_1.png */; };
		2900C4741D923D88006A28A7 /* icon_1.png in Resources */ = {isa = PBXBuildFile; fileRef = 2900C4671D923D88006A28A7 /* icon_1.png */; };
		2900C4751D923D88006A28A7 /* icon_10.png in Resources */ = {isa = PBXBuildFile; fileRef = 2900C4681D923D88006A28A7 /* icon_10.png */; };
		2900C4761D923D88006A28A7 /* icon_10.png in Resources */ = {isa = PBXBuildFile; fileRef = 2900C4681D923D88006A28A7 /* icon_10.png */; };
		2900C4771D923D88006A28A7 /* icon_11.png in Resources */ = {isa = PBXBuildFile; fileRef = 2900C4691D923D88006A28A7 /* icon_11.png */; };
		2900C4781D923D88006A28A7 /* icon_11.png in Resources */ = {isa = PBXBuildFile; fileRef = 2900C4691D923D88006A28A7 /* icon_11.png */; };
		2900C4791D923D88006A28A7 /* icon_12.png in Resources */ = {isa = PBXBuildFile; fileRef = 2900C46A1D923D88006A28A7 /* icon_12.png */; };
		2900C47A1D923D88006A28A7 /* icon_12.png in Resources */ = {isa = PBXBuildFile; fileRef = 2900C46A1D923D88006A28A7 /* icon_12.png */; };
		2900C47B1D923D88006A28A7 /* icon_2.png in Resources */ = {isa = PBXBuildFile; fileRef = 2900C46B1D923D88006A28A7 /* icon_2.png */; };
		2900C47C1D923D88006A28A7 /* icon_2.png in Resources */ = {isa = PBXBuildFile; fileRef = 2900C46B1D923D88006A28A7 /* icon_2.png */; };
		2900C47D1D923D88006A28A7 /* icon_3.png in Resources */ = {isa = PBXBuildFile; fileRef = 2900C46C1D923D88006A28A7 /* icon_3.png */; };
		2900C47E1D923D88006A28A7 /* icon_3.png in Resources */ = {isa = PBXBuildFile; fileRef = 2900C46C1D923D88006A28A7 /* icon_3.png */; };
		2900C47F1D923D88006A28A7 /* icon_4.png in Resources */ = {isa = PBXBuildFile; fileRef = 2900C46D1D923D88006A28A7 /* icon_4.png */; };
		2900C4801D923D88006A28A7 /* icon_4.png in Resources */ = {isa = PBXBuildFile; fileRef = 2900C46D1D923D88006A28A7 /* icon_4.png */; };
		2900C4811D923D88006A28A7 /* icon_5.png in Resources */ = {isa = PBXBuildFile; fileRef = 2900C46E1D923D88006A28A7 /* icon_5.png */; };
		2900C4821D923D88006A28A7 /* icon_5.png in Resources */ = {isa = PBXBuildFile; fileRef = 2900C46E1D923D88006A28A7 /* icon_5.png */; };
		2900C4831D923D88006A28A7 /* icon_6.png in Resources */ = {isa = PBXBuildFile; fileRef = 2900C46F1D923D88006A28A7 /* icon_6.png */; };
		2900C4841D923D88006A28A7 /* icon_6.png in Resources */ = {isa = PBXBuildFile; fileRef = 2900C46F1D923D88006A28A7 /* icon_6.png */; };
		2900C4851D923D88006A28A7 /* icon_7.png in Resources */ = {isa = PBXBuildFile; fileRef = 2900C4701D923D88006A28A7 /* icon_7.png */; };
		2900C4861D923D88006A28A7 /* icon_7.png in Resources */ = {isa = PBXBuildFile; fileRef = 2900C4701D923D88006A28A7 /* icon_7.png */; };
		2900C4871D923D88006A28A7 /* icon_8.png in Resources */ = {isa = PBXBuildFile; fileRef = 2900C4711D923D88006A28A7 /* icon_8.png */; };
		2900C4881D923D88006A28A7 /* icon_8.png in Resources */ = {isa = PBXBuildFile; fileRef = 2900C4711D923D88006A28A7 /* icon_8.png */; };
		2900C4891D923D88006A28A7 /* icon_9.png in Resources */ = {isa = PBXBuildFile; fileRef = 2900C4721D923D88006A28A7 /* icon_9.png */; };
		2900C48A1D923D88006A28A7 /* icon_9.png in Resources */ = {isa = PBXBuildFile; fileRef = 2900C4721D923D88006A28A7 /* icon_9.png */; };
		2900C48D1D9274BA006A28A7 /* PanGestureImageView.m in Sources */ = {isa = PBXBuildFile; fileRef = 2900C48C1D9274BA006A28A7 /* PanGestureImageView.m */; };
		2900C48E1D9274BA006A28A7 /* PanGestureImageView.m in Sources */ = {isa = PBXBuildFile; fileRef = 2900C48C1D9274BA006A28A7 /* PanGestureImageView.m */; };
		29E59F6F1D90FF1D001A7540 /* main.m in Sources */ = {isa = PBXBuildFile; fileRef = 29E59F6E1D90FF1D001A7540 /* main.m */; };
		29E59F721D90FF1D001A7540 /* AppDelegate.m in Sources */ = {isa = PBXBuildFile; fileRef = 29E59F711D90FF1D001A7540 /* AppDelegate.m */; };
		29E59F751D90FF1D001A7540 /* ViewController.m in Sources */ = {isa = PBXBuildFile; fileRef = 29E59F741D90FF1D001A7540 /* ViewController.m */; };
		29E59F781D90FF1E001A7540 /* Main.storyboard in Resources */ = {isa = PBXBuildFile; fileRef = 29E59F761D90FF1E001A7540 /* Main.storyboard */; };
		29E59F7A1D90FF1F001A7540 /* Assets.xcassets in Resources */ = {isa = PBXBuildFile; fileRef = 29E59F791D90FF1F001A7540 /* Assets.xcassets */; };
		29E59F7D1D90FF1F001A7540 /* LaunchScreen.storyboard in Resources */ = {isa = PBXBuildFile; fileRef = 29E59F7B1D90FF1F001A7540 /* LaunchScreen.storyboard */; };
		29E59F881D90FF25001A7540 /* PhotoFiltsterTests.m in Sources */ = {isa = PBXBuildFile; fileRef = 29E59F871D90FF25001A7540 /* PhotoFiltsterTests.m */; };
		29E59F931D90FF25001A7540 /* PhotoFiltsterUITests.m in Sources */ = {isa = PBXBuildFile; fileRef = 29E59F921D90FF25001A7540 /* PhotoFiltsterUITests.m */; };
		29E59FA71D911908001A7540 /* PhotosUI.framework in Frameworks */ = {isa = PBXBuildFile; fileRef = 29E59FA61D911908001A7540 /* PhotosUI.framework */; };
		29E59FA91D911908001A7540 /* Photos.framework in Frameworks */ = {isa = PBXBuildFile; fileRef = 29E59FA81D911908001A7540 /* Photos.framework */; };
		29E59FAD1D911908001A7540 /* PhotoEditingViewController.m in Sources */ = {isa = PBXBuildFile; fileRef = 29E59FAC1D911908001A7540 /* PhotoEditingViewController.m */; };
		29E59FB01D911908001A7540 /* MainInterface.storyboard in Resources */ = {isa = PBXBuildFile; fileRef = 29E59FAE1D911908001A7540 /* MainInterface.storyboard */; };
		29E59FB41D911909001A7540 /* PhotoExtension.appex in Embed App Extensions */ = {isa = PBXBuildFile; fileRef = 29E59FA41D911908001A7540 /* PhotoExtension.appex */; settings = {ATTRIBUTES = (RemoveHeadersOnCopy, ); }; };
/* End PBXBuildFile section */

/* Begin PBXContainerItemProxy section */
		29E59F841D90FF25001A7540 /* PBXContainerItemProxy */ = {
			isa = PBXContainerItemProxy;
			containerPortal = 29E59F621D90FF1B001A7540 /* Project object */;
			proxyType = 1;
			remoteGlobalIDString = 29E59F691D90FF1C001A7540;
			remoteInfo = PhotoFiltster;
		};
		29E59F8F1D90FF25001A7540 /* PBXContainerItemProxy */ = {
			isa = PBXContainerItemProxy;
			containerPortal = 29E59F621D90FF1B001A7540 /* Project object */;
			proxyType = 1;
			remoteGlobalIDString = 29E59F691D90FF1C001A7540;
			remoteInfo = PhotoFiltster;
		};
		29E59FB21D911909001A7540 /* PBXContainerItemProxy */ = {
			isa = PBXContainerItemProxy;
			containerPortal = 29E59F621D90FF1B001A7540 /* Project object */;
			proxyType = 1;
			remoteGlobalIDString = 29E59FA31D911908001A7540;
			remoteInfo = PhotoExtension;
		};
/* End PBXContainerItemProxy section */

/* Begin PBXCopyFilesBuildPhase section */
		29E59FB81D911909001A7540 /* Embed App Extensions */ = {
			isa = PBXCopyFilesBuildPhase;
			buildActionMask = 2147483647;
			dstPath = "";
			dstSubfolderSpec = 13;
			files = (
				29E59FB41D911909001A7540 /* PhotoExtension.appex in Embed App Extensions */,
			);
			name = "Embed App Extensions";
			runOnlyForDeploymentPostprocessing = 0;
		};
/* End PBXCopyFilesBuildPhase section */

/* Begin PBXFileReference section */
		2900C45F1D922DDD006A28A7 /* CustomCell.h */ = {isa = PBXFileReference; fileEncoding = 4; lastKnownFileType = sourcecode.c.h; path = CustomCell.h; sourceTree = "<group>"; };
		2900C4601D922DDD006A28A7 /* CustomCell.m */ = {isa = PBXFileReference; fileEncoding = 4; lastKnownFileType = sourcecode.c.objc; path = CustomCell.m; sourceTree = "<group>"; };
		2900C4671D923D88006A28A7 /* icon_1.png */ = {isa = PBXFileReference; lastKnownFileType = image.png; path = icon_1.png; sourceTree = "<group>"; };
		2900C4681D923D88006A28A7 /* icon_10.png */ = {isa = PBXFileReference; lastKnownFileType = image.png; path = icon_10.png; sourceTree = "<group>"; };
		2900C4691D923D88006A28A7 /* icon_11.png */ = {isa = PBXFileReference; lastKnownFileType = image.png; path = icon_11.png; sourceTree = "<group>"; };
		2900C46A1D923D88006A28A7 /* icon_12.png */ = {isa = PBXFileReference; lastKnownFileType = image.png; path = icon_12.png; sourceTree = "<group>"; };
		2900C46B1D923D88006A28A7 /* icon_2.png */ = {isa = PBXFileReference; lastKnownFileType = image.png; path = icon_2.png; sourceTree = "<group>"; };
		2900C46C1D923D88006A28A7 /* icon_3.png */ = {isa = PBXFileReference; lastKnownFileType = image.png; path = icon_3.png; sourceTree = "<group>"; };
		2900C46D1D923D88006A28A7 /* icon_4.png */ = {isa = PBXFileReference; lastKnownFileType = image.png; path = icon_4.png; sourceTree = "<group>"; };
		2900C46E1D923D88006A28A7 /* icon_5.png */ = {isa = PBXFileReference; lastKnownFileType = image.png; path = icon_5.png; sourceTree = "<group>"; };
		2900C46F1D923D88006A28A7 /* icon_6.png */ = {isa = PBXFileReference; lastKnownFileType = image.png; path = icon_6.png; sourceTree = "<group>"; };
		2900C4701D923D88006A28A7 /* icon_7.png */ = {isa = PBXFileReference; lastKnownFileType = image.png; path = icon_7.png; sourceTree = "<group>"; };
		2900C4711D923D88006A28A7 /* icon_8.png */ = {isa = PBXFileReference; lastKnownFileType = image.png; path = icon_8.png; sourceTree = "<group>"; };
		2900C4721D923D88006A28A7 /* icon_9.png */ = {isa = PBXFileReference; lastKnownFileType = image.png; path = icon_9.png; sourceTree = "<group>"; };
		2900C48B1D9274BA006A28A7 /* PanGestureImageView.h */ = {isa = PBXFileReference; fileEncoding = 4; lastKnownFileType = sourcecode.c.h; path = PanGestureImageView.h; sourceTree = "<group>"; };
		2900C48C1D9274BA006A28A7 /* PanGestureImageView.m */ = {isa = PBXFileReference; fileEncoding = 4; lastKnownFileType = sourcecode.c.objc; path = PanGestureImageView.m; sourceTree = "<group>"; };
		29E59F6A1D90FF1C001A7540 /* PhotoFiltster.app */ = {isa = PBXFileReference; explicitFileType = wrapper.application; includeInIndex = 0; path = PhotoFiltster.app; sourceTree = BUILT_PRODUCTS_DIR; };
		29E59F6E1D90FF1D001A7540 /* main.m */ = {isa = PBXFileReference; lastKnownFileType = sourcecode.c.objc; path = main.m; sourceTree = "<group>"; };
		29E59F701D90FF1D001A7540 /* AppDelegate.h */ = {isa = PBXFileReference; lastKnownFileType = sourcecode.c.h; path = AppDelegate.h; sourceTree = "<group>"; };
		29E59F711D90FF1D001A7540 /* AppDelegate.m */ = {isa = PBXFileReference; lastKnownFileType = sourcecode.c.objc; path = AppDelegate.m; sourceTree = "<group>"; };
		29E59F731D90FF1D001A7540 /* ViewController.h */ = {isa = PBXFileReference; lastKnownFileType = sourcecode.c.h; path = ViewController.h; sourceTree = "<group>"; };
		29E59F741D90FF1D001A7540 /* ViewController.m */ = {isa = PBXFileReference; lastKnownFileType = sourcecode.c.objc; path = ViewController.m; sourceTree = "<group>"; };
		29E59F771D90FF1E001A7540 /* Base */ = {isa = PBXFileReference; lastKnownFileType = file.storyboard; name = Base; path = Base.lproj/Main.storyboard; sourceTree = "<group>"; };
		29E59F791D90FF1F001A7540 /* Assets.xcassets */ = {isa = PBXFileReference; lastKnownFileType = folder.assetcatalog; path = Assets.xcassets; sourceTree = "<group>"; };
		29E59F7C1D90FF1F001A7540 /* Base */ = {isa = PBXFileReference; lastKnownFileType = file.storyboard; name = Base; path = Base.lproj/LaunchScreen.storyboard; sourceTree = "<group>"; };
		29E59F7E1D90FF1F001A7540 /* Info.plist */ = {isa = PBXFileReference; lastKnownFileType = text.plist.xml; path = Info.plist; sourceTree = "<group>"; };
		29E59F831D90FF25001A7540 /* PhotoFiltsterTests.xctest */ = {isa = PBXFileReference; explicitFileType = wrapper.cfbundle; includeInIndex = 0; path = PhotoFiltsterTests.xctest; sourceTree = BUILT_PRODUCTS_DIR; };
		29E59F871D90FF25001A7540 /* PhotoFiltsterTests.m */ = {isa = PBXFileReference; lastKnownFileType = sourcecode.c.objc; path = PhotoFiltsterTests.m; sourceTree = "<group>"; };
		29E59F891D90FF25001A7540 /* Info.plist */ = {isa = PBXFileReference; lastKnownFileType = text.plist.xml; path = Info.plist; sourceTree = "<group>"; };
		29E59F8E1D90FF25001A7540 /* PhotoFiltsterUITests.xctest */ = {isa = PBXFileReference; explicitFileType = wrapper.cfbundle; includeInIndex = 0; path = PhotoFiltsterUITests.xctest; sourceTree = BUILT_PRODUCTS_DIR; };
		29E59F921D90FF25001A7540 /* PhotoFiltsterUITests.m */ = {isa = PBXFileReference; lastKnownFileType = sourcecode.c.objc; path = PhotoFiltsterUITests.m; sourceTree = "<group>"; };
		29E59F941D90FF25001A7540 /* Info.plist */ = {isa = PBXFileReference; lastKnownFileType = text.plist.xml; path = Info.plist; sourceTree = "<group>"; };
		29E59FA41D911908001A7540 /* PhotoExtension.appex */ = {isa = PBXFileReference; explicitFileType = "wrapper.app-extension"; includeInIndex = 0; path = PhotoExtension.appex; sourceTree = BUILT_PRODUCTS_DIR; };
		29E59FA61D911908001A7540 /* PhotosUI.framework */ = {isa = PBXFileReference; lastKnownFileType = wrapper.framework; name = PhotosUI.framework; path = System/Library/Frameworks/PhotosUI.framework; sourceTree = SDKROOT; };
		29E59FA81D911908001A7540 /* Photos.framework */ = {isa = PBXFileReference; lastKnownFileType = wrapper.framework; name = Photos.framework; path = System/Library/Frameworks/Photos.framework; sourceTree = SDKROOT; };
		29E59FAB1D911908001A7540 /* PhotoEditingViewController.h */ = {isa = PBXFileReference; lastKnownFileType = sourcecode.c.h; path = PhotoEditingViewController.h; sourceTree = "<group>"; };
		29E59FAC1D911908001A7540 /* PhotoEditingViewController.m */ = {isa = PBXFileReference; lastKnownFileType = sourcecode.c.objc; path = PhotoEditingViewController.m; sourceTree = "<group>"; };
		29E59FAF1D911908001A7540 /* Base */ = {isa = PBXFileReference; lastKnownFileType = file.storyboard; name = Base; path = Base.lproj/MainInterface.storyboard; sourceTree = "<group>"; };
		29E59FB11D911909001A7540 /* Info.plist */ = {isa = PBXFileReference; lastKnownFileType = text.plist.xml; path = Info.plist; sourceTree = "<group>"; };
/* End PBXFileReference section */

/* Begin PBXFrameworksBuildPhase section */
		29E59F671D90FF1C001A7540 /* Frameworks */ = {
			isa = PBXFrameworksBuildPhase;
			buildActionMask = 2147483647;
			files = (
			);
			runOnlyForDeploymentPostprocessing = 0;
		};
		29E59F801D90FF24001A7540 /* Frameworks */ = {
			isa = PBXFrameworksBuildPhase;
			buildActionMask = 2147483647;
			files = (
			);
			runOnlyForDeploymentPostprocessing = 0;
		};
		29E59F8B1D90FF25001A7540 /* Frameworks */ = {
			isa = PBXFrameworksBuildPhase;
			buildActionMask = 2147483647;
			files = (
			);
			runOnlyForDeploymentPostprocessing = 0;
		};
		29E59FA11D911908001A7540 /* Frameworks */ = {
			isa = PBXFrameworksBuildPhase;
			buildActionMask = 2147483647;
			files = (
				29E59FA71D911908001A7540 /* PhotosUI.framework in Frameworks */,
				29E59FA91D911908001A7540 /* Photos.framework in Frameworks */,
			);
			runOnlyForDeploymentPostprocessing = 0;
		};
/* End PBXFrameworksBuildPhase section */

/* Begin PBXGroup section */
		2900C4661D923D88006A28A7 /* IconImage */ = {
			isa = PBXGroup;
			children = (
				2900C4671D923D88006A28A7 /* icon_1.png */,
				2900C4681D923D88006A28A7 /* icon_10.png */,
				2900C4691D923D88006A28A7 /* icon_11.png */,
				2900C46A1D923D88006A28A7 /* icon_12.png */,
				2900C46B1D923D88006A28A7 /* icon_2.png */,
				2900C46C1D923D88006A28A7 /* icon_3.png */,
				2900C46D1D923D88006A28A7 /* icon_4.png */,
				2900C46E1D923D88006A28A7 /* icon_5.png */,
				2900C46F1D923D88006A28A7 /* icon_6.png */,
				2900C4701D923D88006A28A7 /* icon_7.png */,
				2900C4711D923D88006A28A7 /* icon_8.png */,
				2900C4721D923D88006A28A7 /* icon_9.png */,
			);
			path = IconImage;
			sourceTree = "<group>";
		};
		29E59F611D90FF1B001A7540 = {
			isa = PBXGroup;
			children = (
				29E59F6C1D90FF1C001A7540 /* PhotoFiltster */,
				29E59F861D90FF25001A7540 /* PhotoFiltsterTests */,
				29E59F911D90FF25001A7540 /* PhotoFiltsterUITests */,
				29E59FAA1D911908001A7540 /* PhotoExtension */,
				29E59FA51D911908001A7540 /* Frameworks */,
				29E59F6B1D90FF1C001A7540 /* Products */,
			);
			sourceTree = "<group>";
		};
		29E59F6B1D90FF1C001A7540 /* Products */ = {
			isa = PBXGroup;
			children = (
				29E59F6A1D90FF1C001A7540 /* PhotoFiltster.app */,
				29E59F831D90FF25001A7540 /* PhotoFiltsterTests.xctest */,
				29E59F8E1D90FF25001A7540 /* PhotoFiltsterUITests.xctest */,
				29E59FA41D911908001A7540 /* PhotoExtension.appex */,
			);
			name = Products;
			sourceTree = "<group>";
		};
		29E59F6C1D90FF1C001A7540 /* PhotoFiltster */ = {
			isa = PBXGroup;
			children = (
				29E59F701D90FF1D001A7540 /* AppDelegate.h */,
				29E59F711D90FF1D001A7540 /* AppDelegate.m */,
				29E59F731D90FF1D001A7540 /* ViewController.h */,
				29E59F741D90FF1D001A7540 /* ViewController.m */,
				29E59F761D90FF1E001A7540 /* Main.storyboard */,
				29E59F791D90FF1F001A7540 /* Assets.xcassets */,
				29E59F7B1D90FF1F001A7540 /* LaunchScreen.storyboard */,
				29E59F7E1D90FF1F001A7540 /* Info.plist */,
				29E59F6D1D90FF1D001A7540 /* Supporting Files */,
			);
			path = PhotoFiltster;
			sourceTree = "<group>";
		};
		29E59F6D1D90FF1D001A7540 /* Supporting Files */ = {
			isa = PBXGroup;
			children = (
				29E59F6E1D90FF1D001A7540 /* main.m */,
			);
			name = "Supporting Files";
			sourceTree = "<group>";
		};
		29E59F861D90FF25001A7540 /* PhotoFiltsterTests */ = {
			isa = PBXGroup;
			children = (
				29E59F871D90FF25001A7540 /* PhotoFiltsterTests.m */,
				29E59F891D90FF25001A7540 /* Info.plist */,
			);
			path = PhotoFiltsterTests;
			sourceTree = "<group>";
		};
		29E59F911D90FF25001A7540 /* PhotoFiltsterUITests */ = {
			isa = PBXGroup;
			children = (
				29E59F921D90FF25001A7540 /* PhotoFiltsterUITests.m */,
				29E59F941D90FF25001A7540 /* Info.plist */,
			);
			path = PhotoFiltsterUITests;
			sourceTree = "<group>";
		};
		29E59FA51D911908001A7540 /* Frameworks */ = {
			isa = PBXGroup;
			children = (
				29E59FA61D911908001A7540 /* PhotosUI.framework */,
				29E59FA81D911908001A7540 /* Photos.framework */,
			);
			name = Frameworks;
			sourceTree = "<group>";
		};
		29E59FAA1D911908001A7540 /* PhotoExtension */ = {
			isa = PBXGroup;
			children = (
				2900C4661D923D88006A28A7 /* IconImage */,
				29E59FAB1D911908001A7540 /* PhotoEditingViewController.h */,
				29E59FAC1D911908001A7540 /* PhotoEditingViewController.m */,
				29E59FAE1D911908001A7540 /* MainInterface.storyboard */,
				29E59FB11D911909001A7540 /* Info.plist */,
				2900C45F1D922DDD006A28A7 /* CustomCell.h */,
				2900C4601D922DDD006A28A7 /* CustomCell.m */,
				2900C48B1D9274BA006A28A7 /* PanGestureImageView.h */,
				2900C48C1D9274BA006A28A7 /* PanGestureImageView.m */,
			);
			path = PhotoExtension;
			sourceTree = "<group>";
		};
/* End PBXGroup section */

/* Begin PBXNativeTarget section */
		29E59F691D90FF1C001A7540 /* PhotoFiltster */ = {
			isa = PBXNativeTarget;
			buildConfigurationList = 29E59F971D90FF25001A7540 /* Build configuration list for PBXNativeTarget "PhotoFiltster" */;
			buildPhases = (
				29E59F661D90FF1C001A7540 /* Sources */,
				29E59F671D90FF1C001A7540 /* Frameworks */,
				29E59F681D90FF1C001A7540 /* Resources */,
				29E59FB81D911909001A7540 /* Embed App Extensions */,
			);
			buildRules = (
			);
			dependencies = (
				29E59FB31D911909001A7540 /* PBXTargetDependency */,
			);
			name = PhotoFiltster;
			productName = PhotoFiltster;
			productReference = 29E59F6A1D90FF1C001A7540 /* PhotoFiltster.app */;
			productType = "com.apple.product-type.application";
		};
		29E59F821D90FF24001A7540 /* PhotoFiltsterTests */ = {
			isa = PBXNativeTarget;
			buildConfigurationList = 29E59F9A1D90FF25001A7540 /* Build configuration list for PBXNativeTarget "PhotoFiltsterTests" */;
			buildPhases = (
				29E59F7F1D90FF24001A7540 /* Sources */,
				29E59F801D90FF24001A7540 /* Frameworks */,
				29E59F811D90FF24001A7540 /* Resources */,
			);
			buildRules = (
			);
			dependencies = (
				29E59F851D90FF25001A7540 /* PBXTargetDependency */,
			);
			name = PhotoFiltsterTests;
			productName = PhotoFiltsterTests;
			productReference = 29E59F831D90FF25001A7540 /* PhotoFiltsterTests.xctest */;
			productType = "com.apple.product-type.bundle.unit-test";
		};
		29E59F8D1D90FF25001A7540 /* PhotoFiltsterUITests */ = {
			isa = PBXNativeTarget;
			buildConfigurationList = 29E59F9D1D90FF25001A7540 /* Build configuration list for PBXNativeTarget "PhotoFiltsterUITests" */;
			buildPhases = (
				29E59F8A1D90FF25001A7540 /* Sources */,
				29E59F8B1D90FF25001A7540 /* Frameworks */,
				29E59F8C1D90FF25001A7540 /* Resources */,
			);
			buildRules = (
			);
			dependencies = (
				29E59F901D90FF25001A7540 /* PBXTargetDependency */,
			);
			name = PhotoFiltsterUITests;
			productName = PhotoFiltsterUITests;
			productReference = 29E59F8E1D90FF25001A7540 /* PhotoFiltsterUITests.xctest */;
			productType = "com.apple.product-type.bundle.ui-testing";
		};
		29E59FA31D911908001A7540 /* PhotoExtension */ = {
			isa = PBXNativeTarget;
			buildConfigurationList = 29E59FB51D911909001A7540 /* Build configuration list for PBXNativeTarget "PhotoExtension" */;
			buildPhases = (
				29E59FA01D911908001A7540 /* Sources */,
				29E59FA11D911908001A7540 /* Frameworks */,
				29E59FA21D911908001A7540 /* Resources */,
			);
			buildRules = (
			);
			dependencies = (
			);
			name = PhotoExtension;
			productName = PhotoExtension;
			productReference = 29E59FA41D911908001A7540 /* PhotoExtension.appex */;
			productType = "com.apple.product-type.app-extension";
		};
/* End PBXNativeTarget section */

/* Begin PBXProject section */
		29E59F621D90FF1B001A7540 /* Project object */ = {
			isa = PBXProject;
			attributes = {
				LastUpgradeCheck = 0800;
				ORGANIZATIONNAME = Rany;
				TargetAttributes = {
					29E59F691D90FF1C001A7540 = {
						CreatedOnToolsVersion = 8.0;
						DevelopmentTeam = U353BQ28K8;
						ProvisioningStyle = Automatic;
					};
					29E59F821D90FF24001A7540 = {
						CreatedOnToolsVersion = 8.0;
						ProvisioningStyle = Automatic;
						TestTargetID = 29E59F691D90FF1C001A7540;
					};
					29E59F8D1D90FF25001A7540 = {
						CreatedOnToolsVersion = 8.0;
						ProvisioningStyle = Automatic;
						TestTargetID = 29E59F691D90FF1C001A7540;
					};
					29E59FA31D911908001A7540 = {
						CreatedOnToolsVersion = 8.0;
						DevelopmentTeam = U353BQ28K8;
						ProvisioningStyle = Automatic;
					};
				};
			};
			buildConfigurationList = 29E59F651D90FF1B001A7540 /* Build configuration list for PBXProject "PhotoFiltster" */;
			compatibilityVersion = "Xcode 3.2";
			developmentRegion = English;
			hasScannedForEncodings = 0;
			knownRegions = (
				en,
				Base,
			);
			mainGroup = 29E59F611D90FF1B001A7540;
			productRefGroup = 29E59F6B1D90FF1C001A7540 /* Products */;
			projectDirPath = "";
			projectRoot = "";
			targets = (
				29E59F691D90FF1C001A7540 /* PhotoFiltster */,
				29E59F821D90FF24001A7540 /* PhotoFiltsterTests */,
				29E59F8D1D90FF25001A7540 /* PhotoFiltsterUITests */,
				29E59FA31D911908001A7540 /* PhotoExtension */,
			);
		};
/* End PBXProject section */

/* Begin PBXResourcesBuildPhase section */
		29E59F681D90FF1C001A7540 /* Resources */ = {
			isa = PBXResourcesBuildPhase;
			buildActionMask = 2147483647;
			files = (
				2900C4751D923D88006A28A7 /* icon_10.png in Resources */,
				2900C4791D923D88006A28A7 /* icon_12.png in Resources */,
				2900C4771D923D88006A28A7 /* icon_11.png in Resources */,
				29E59F7D1D90FF1F001A7540 /* LaunchScreen.storyboard in Resources */,
				2900C4731D923D88006A28A7 /* icon_1.png in Resources */,
				29E59F7A1D90FF1F001A7540 /* Assets.xcassets in Resources */,
				2900C4871D923D88006A28A7 /* icon_8.png in Resources */,
				2900C47F1D923D88006A28A7 /* icon_4.png in Resources */,
				29E59F781D90FF1E001A7540 /* Main.storyboard in Resources */,
				2900C4851D923D88006A28A7 /* icon_7.png in Resources */,
				2900C4831D923D88006A28A7 /* icon_6.png in Resources */,
				2900C4811D923D88006A28A7 /* icon_5.png in Resources */,
				2900C47B1D923D88006A28A7 /* icon_2.png in Resources */,
				2900C47D1D923D88006A28A7 /* icon_3.png in Resources */,
				2900C4891D923D88006A28A7 /* icon_9.png in Resources */,
			);
			runOnlyForDeploymentPostprocessing = 0;
		};
		29E59F811D90FF24001A7540 /* Resources */ = {
			isa = PBXResourcesBuildPhase;
			buildActionMask = 2147483647;
			files = (
			);
			runOnlyForDeploymentPostprocessing = 0;
		};
		29E59F8C1D90FF25001A7540 /* Resources */ = {
			isa = PBXResourcesBuildPhase;
			buildActionMask = 2147483647;
			files = (
			);
			runOnlyForDeploymentPostprocessing = 0;
		};
		29E59FA21D911908001A7540 /* Resources */ = {
			isa = PBXResourcesBuildPhase;
			buildActionMask = 2147483647;
			files = (
				2900C4861D923D88006A28A7 /* icon_7.png in Resources */,
				2900C4881D923D88006A28A7 /* icon_8.png in Resources */,
				2900C4781D923D88006A28A7 /* icon_11.png in Resources */,
				2900C47C1D923D88006A28A7 /* icon_2.png in Resources */,
				2900C4761D923D88006A28A7 /* icon_10.png in Resources */,
				29E59FB01D911908001A7540 /* MainInterface.storyboard in Resources */,
				2900C47E1D923D88006A28A7 /* icon_3.png in Resources */,
				2900C4821D923D88006A28A7 /* icon_5.png in Resources */,
				2900C4841D923D88006A28A7 /* icon_6.png in Resources */,
				2900C47A1D923D88006A28A7 /* icon_12.png in Resources */,
				2900C4801D923D88006A28A7 /* icon_4.png in Resources */,
				2900C4741D923D88006A28A7 /* icon_1.png in Resources */,
				2900C48A1D923D88006A28A7 /* icon_9.png in Resources */,
			);
			runOnlyForDeploymentPostprocessing = 0;
		};
/* End PBXResourcesBuildPhase section */

/* Begin PBXSourcesBuildPhase section */
		29E59F661D90FF1C001A7540 /* Sources */ = {
			isa = PBXSourcesBuildPhase;
			buildActionMask = 2147483647;
			files = (
				29E59F751D90FF1D001A7540 /* ViewController.m in Sources */,
				29E59F721D90FF1D001A7540 /* AppDelegate.m in Sources */,
				2900C4611D922DDD006A28A7 /* CustomCell.m in Sources */,
				29E59F6F1D90FF1D001A7540 /* main.m in Sources */,
				2900C48D1D9274BA006A28A7 /* PanGestureImageView.m in Sources */,
			);
			runOnlyForDeploymentPostprocessing = 0;
		};
		29E59F7F1D90FF24001A7540 /* Sources */ = {
			isa = PBXSourcesBuildPhase;
			buildActionMask = 2147483647;
			files = (
				29E59F881D90FF25001A7540 /* PhotoFiltsterTests.m in Sources */,
			);
			runOnlyForDeploymentPostprocessing = 0;
		};
		29E59F8A1D90FF25001A7540 /* Sources */ = {
			isa = PBXSourcesBuildPhase;
			buildActionMask = 2147483647;
			files = (
				29E59F931D90FF25001A7540 /* PhotoFiltsterUITests.m in Sources */,
			);
			runOnlyForDeploymentPostprocessing = 0;
		};
		29E59FA01D911908001A7540 /* Sources */ = {
			isa = PBXSourcesBuildPhase;
			buildActionMask = 2147483647;
			files = (
				2900C4621D922DDD006A28A7 /* CustomCell.m in Sources */,
				29E59FAD1D911908001A7540 /* PhotoEditingViewController.m in Sources */,
				2900C48E1D9274BA006A28A7 /* PanGestureImageView.m in Sources */,
			);
			runOnlyForDeploymentPostprocessing = 0;
		};
/* End PBXSourcesBuildPhase section */

/* Begin PBXTargetDependency section */
		29E59F851D90FF25001A7540 /* PBXTargetDependency */ = {
			isa = PBXTargetDependency;
			target = 29E59F691D90FF1C001A7540 /* PhotoFiltster */;
			targetProxy = 29E59F841D90FF25001A7540 /* PBXContainerItemProxy */;
		};
		29E59F901D90FF25001A7540 /* PBXTargetDependency */ = {
			isa = PBXTargetDependency;
			target = 29E59F691D90FF1C001A7540 /* PhotoFiltster */;
			targetProxy = 29E59F8F1D90FF25001A7540 /* PBXContainerItemProxy */;
		};
		29E59FB31D911909001A7540 /* PBXTargetDependency */ = {
			isa = PBXTargetDependency;
			target = 29E59FA31D911908001A7540 /* PhotoExtension */;
			targetProxy = 29E59FB21D911909001A7540 /* PBXContainerItemProxy */;
		};
/* End PBXTargetDependency section */

/* Begin PBXVariantGroup section */
		29E59F761D90FF1E001A7540 /* Main.storyboard */ = {
			isa = PBXVariantGroup;
			children = (
				29E59F771D90FF1E001A7540 /* Base */,
			);
			name = Main.storyboard;
			sourceTree = "<group>";
		};
		29E59F7B1D90FF1F001A7540 /* LaunchScreen.storyboard */ = {
			isa = PBXVariantGroup;
			children = (
				29E59F7C1D90FF1F001A7540 /* Base */,
			);
			name = LaunchScreen.storyboard;
			sourceTree = "<group>";
		};
		29E59FAE1D911908001A7540 /* MainInterface.storyboard */ = {
			isa = PBXVariantGroup;
			children = (
				29E59FAF1D911908001A7540 /* Base */,
			);
			name = MainInterface.storyboard;
			sourceTree = "<group>";
		};
/* End PBXVariantGroup section */

/* Begin XCBuildConfiguration section */
		29E59F951D90FF25001A7540 /* Debug */ = {
			isa = XCBuildConfiguration;
			buildSettings = {
				ALWAYS_SEARCH_USER_PATHS = NO;
				CLANG_ANALYZER_NONNULL = YES;
				CLANG_CXX_LANGUAGE_STANDARD = "gnu++0x";
				CLANG_CXX_LIBRARY = "libc++";
				CLANG_ENABLE_MODULES = YES;
				CLANG_ENABLE_OBJC_ARC = YES;
				CLANG_WARN_BOOL_CONVERSION = YES;
				CLANG_WARN_CONSTANT_CONVERSION = YES;
				CLANG_WARN_DIRECT_OBJC_ISA_USAGE = YES_ERROR;
				CLANG_WARN_DOCUMENTATION_COMMENTS = YES;
				CLANG_WARN_EMPTY_BODY = YES;
				CLANG_WARN_ENUM_CONVERSION = YES;
				CLANG_WARN_INFINITE_RECURSION = YES;
				CLANG_WARN_INT_CONVERSION = YES;
				CLANG_WARN_OBJC_ROOT_CLASS = YES_ERROR;
				CLANG_WARN_SUSPICIOUS_MOVES = YES;
				CLANG_WARN_UNREACHABLE_CODE = YES;
				CLANG_WARN__DUPLICATE_METHOD_MATCH = YES;
				"CODE_SIGN_IDENTITY[sdk=iphoneos*]" = "iPhone Developer";
				COPY_PHASE_STRIP = NO;
				DEBUG_INFORMATION_FORMAT = dwarf;
				ENABLE_STRICT_OBJC_MSGSEND = YES;
				ENABLE_TESTABILITY = YES;
				GCC_C_LANGUAGE_STANDARD = gnu99;
				GCC_DYNAMIC_NO_PIC = NO;
				GCC_NO_COMMON_BLOCKS = YES;
				GCC_OPTIMIZATION_LEVEL = 0;
				GCC_PREPROCESSOR_DEFINITIONS = (
					"DEBUG=1",
					"$(inherited)",
				);
				GCC_WARN_64_TO_32_BIT_CONVERSION = YES;
				GCC_WARN_ABOUT_RETURN_TYPE = YES_ERROR;
				GCC_WARN_UNDECLARED_SELECTOR = YES;
				GCC_WARN_UNINITIALIZED_AUTOS = YES_AGGRESSIVE;
				GCC_WARN_UNUSED_FUNCTION = YES;
				GCC_WARN_UNUSED_VARIABLE = YES;
				IPHONEOS_DEPLOYMENT_TARGET = 10.0;
				MTL_ENABLE_DEBUG_INFO = YES;
				ONLY_ACTIVE_ARCH = YES;
				SDKROOT = iphoneos;
				TARGETED_DEVICE_FAMILY = "1,2";
			};
			name = Debug;
		};
		29E59F961D90FF25001A7540 /* Release */ = {
			isa = XCBuildConfiguration;
			buildSettings = {
				ALWAYS_SEARCH_USER_PATHS = NO;
				CLANG_ANALYZER_NONNULL = YES;
				CLANG_CXX_LANGUAGE_STANDARD = "gnu++0x";
				CLANG_CXX_LIBRARY = "libc++";
				CLANG_ENABLE_MODULES = YES;
				CLANG_ENABLE_OBJC_ARC = YES;
				CLANG_WARN_BOOL_CONVERSION = YES;
				CLANG_WARN_CONSTANT_CONVERSION = YES;
				CLANG_WARN_DIRECT_OBJC_ISA_USAGE = YES_ERROR;
				CLANG_WARN_DOCUMENTATION_COMMENTS = YES;
				CLANG_WARN_EMPTY_BODY = YES;
				CLANG_WARN_ENUM_CONVERSION = YES;
				CLANG_WARN_INFINITE_RECURSION = YES;
				CLANG_WARN_INT_CONVERSION = YES;
				CLANG_WARN_OBJC_ROOT_CLASS = YES_ERROR;
				CLANG_WARN_SUSPICIOUS_MOVES = YES;
				CLANG_WARN_UNREACHABLE_CODE = YES;
				CLANG_WARN__DUPLICATE_METHOD_MATCH = YES;
				"CODE_SIGN_IDENTITY[sdk=iphoneos*]" = "iPhone Developer";
				COPY_PHASE_STRIP = NO;
				DEBUG_INFORMATION_FORMAT = "dwarf-with-dsym";
				ENABLE_NS_ASSERTIONS = NO;
				ENABLE_STRICT_OBJC_MSGSEND = YES;
				GCC_C_LANGUAGE_STANDARD = gnu99;
				GCC_NO_COMMON_BLOCKS = YES;
				GCC_WARN_64_TO_32_BIT_CONVERSION = YES;
				GCC_WARN_ABOUT_RETURN_TYPE = YES_ERROR;
				GCC_WARN_UNDECLARED_SELECTOR = YES;
				GCC_WARN_UNINITIALIZED_AUTOS = YES_AGGRESSIVE;
				GCC_WARN_UNUSED_FUNCTION = YES;
				GCC_WARN_UNUSED_VARIABLE = YES;
				IPHONEOS_DEPLOYMENT_TARGET = 10.0;
				MTL_ENABLE_DEBUG_INFO = NO;
				SDKROOT = iphoneos;
				TARGETED_DEVICE_FAMILY = "1,2";
				VALIDATE_PRODUCT = YES;
			};
			name = Release;
		};
		29E59F981D90FF25001A7540 /* Debug */ = {
			isa = XCBuildConfiguration;
			buildSettings = {
				ASSETCATALOG_COMPILER_APPICON_NAME = AppIcon;
				DEVELOPMENT_TEAM = U353BQ28K8;
				INFOPLIST_FILE = PhotoFiltster/Info.plist;
				LD_RUNPATH_SEARCH_PATHS = "$(inherited) @executable_path/Frameworks";
				PRODUCT_BUNDLE_IDENTIFIER = cn.rany.PhotoFiltster.PhotoFiltster;
				PRODUCT_NAME = "$(TARGET_NAME)";
			};
			name = Debug;
		};
		29E59F991D90FF25001A7540 /* Release */ = {
			isa = XCBuildConfiguration;
			buildSettings = {
				ASSETCATALOG_COMPILER_APPICON_NAME = AppIcon;
				DEVELOPMENT_TEAM = U353BQ28K8;
				INFOPLIST_FILE = PhotoFiltster/Info.plist;
				LD_RUNPATH_SEARCH_PATHS = "$(inherited) @executable_path/Frameworks";
				PRODUCT_BUNDLE_IDENTIFIER = cn.rany.PhotoFiltster.PhotoFiltster;
				PRODUCT_NAME = "$(TARGET_NAME)";
			};
			name = Release;
		};
		29E59F9B1D90FF25001A7540 /* Debug */ = {
			isa = XCBuildConfiguration;
			buildSettings = {
				BUNDLE_LOADER = "$(TEST_HOST)";
				INFOPLIST_FILE = PhotoFiltsterTests/Info.plist;
				LD_RUNPATH_SEARCH_PATHS = "$(inherited) @executable_path/Frameworks @loader_path/Frameworks";
				PRODUCT_BUNDLE_IDENTIFIER = cn.rany.PhotoFiltster.PhotoFiltsterTests;
				PRODUCT_NAME = "$(TARGET_NAME)";
				TEST_HOST = "$(BUILT_PRODUCTS_DIR)/PhotoFiltster.app/PhotoFiltster";
			};
			name = Debug;
		};
		29E59F9C1D90FF25001A7540 /* Release */ = {
			isa = XCBuildConfiguration;
			buildSettings = {
				BUNDLE_LOADER = "$(TEST_HOST)";
				INFOPLIST_FILE = PhotoFiltsterTests/Info.plist;
				LD_RUNPATH_SEARCH_PATHS = "$(inherited) @executable_path/Frameworks @loader_path/Frameworks";
				PRODUCT_BUNDLE_IDENTIFIER = cn.rany.PhotoFiltster.PhotoFiltsterTests;
				PRODUCT_NAME = "$(TARGET_NAME)";
				TEST_HOST = "$(BUILT_PRODUCTS_DIR)/PhotoFiltster.app/PhotoFiltster";
			};
			name = Release;
		};
		29E59F9E1D90FF25001A7540 /* Debug */ = {
			isa = XCBuildConfiguration;
			buildSettings = {
				INFOPLIST_FILE = PhotoFiltsterUITests/Info.plist;
				LD_RUNPATH_SEARCH_PATHS = "$(inherited) @executable_path/Frameworks @loader_path/Frameworks";
				PRODUCT_BUNDLE_IDENTIFIER = cn.rany.PhotoFiltster.PhotoFiltsterUITests;
				PRODUCT_NAME = "$(TARGET_NAME)";
				TEST_TARGET_NAME = PhotoFiltster;
			};
			name = Debug;
		};
		29E59F9F1D90FF25001A7540 /* Release */ = {
			isa = XCBuildConfiguration;
			buildSettings = {
				INFOPLIST_FILE = PhotoFiltsterUITests/Info.plist;
				LD_RUNPATH_SEARCH_PATHS = "$(inherited) @executable_path/Frameworks @loader_path/Frameworks";
				PRODUCT_BUNDLE_IDENTIFIER = cn.rany.PhotoFiltster.PhotoFiltsterUITests;
				PRODUCT_NAME = "$(TARGET_NAME)";
				TEST_TARGET_NAME = PhotoFiltster;
			};
			name = Release;
		};
		29E59FB61D911909001A7540 /* Debug */ = {
			isa = XCBuildConfiguration;
			buildSettings = {
				DEVELOPMENT_TEAM = U353BQ28K8;
				HEADER_SEARCH_PATHS = "$(SRCROOT)/Frameworks/framwork/Source/**";
				INFOPLIST_FILE = PhotoExtension/Info.plist;
				LD_RUNPATH_SEARCH_PATHS = "$(inherited) @executable_path/Frameworks @executable_path/../../Frameworks";
				PRODUCT_BUNDLE_IDENTIFIER = cn.rany.PhotoFiltster.PhotoFiltster.PhotoExtension;
				PRODUCT_NAME = "$(TARGET_NAME)";
				SKIP_INSTALL = YES;
			};
			name = Debug;
		};
		29E59FB71D911909001A7540 /* Release */ = {
			isa = XCBuildConfiguration;
			buildSettings = {
				DEVELOPMENT_TEAM = U353BQ28K8;
				HEADER_SEARCH_PATHS = "$(SRCROOT)/Frameworks/framwork/Source/**";
				INFOPLIST_FILE = PhotoExtension/Info.plist;
				LD_RUNPATH_SEARCH_PATHS = "$(inherited) @executable_path/Frameworks @executable_path/../../Frameworks";
				PRODUCT_BUNDLE_IDENTIFIER = cn.rany.PhotoFiltster.PhotoFiltster.PhotoExtension;
				PRODUCT_NAME = "$(TARGET_NAME)";
				SKIP_INSTALL = YES;
			};
			name = Release;
		};
/* End XCBuildConfiguration section */

/* Begin XCConfigurationList section */
		29E59F651D90FF1B001A7540 /* Build configuration list for PBXProject "PhotoFiltster" */ = {
			isa = XCConfigurationList;
			buildConfigurations = (
				29E59F951D90FF25001A7540 /* Debug */,
				29E59F961D90FF25001A7540 /* Release */,
			);
			defaultConfigurationIsVisible = 0;
			defaultConfigurationName = Release;
		};
		29E59F971D90FF25001A7540 /* Build configuration list for PBXNativeTarget "PhotoFiltster" */ = {
			isa = XCConfigurationList;
			buildConfigurations = (
				29E59F981D90FF25001A7540 /* Debug */,
				29E59F991D90FF25001A7540 /* Release */,
			);
			defaultConfigurationIsVisible = 0;
			defaultConfigurationName = Release;
		};
		29E59F9A1D90FF25001A7540 /* Build configuration list for PBXNativeTarget "PhotoFiltsterTests" */ = {
			isa = XCConfigurationList;
			buildConfigurations = (
				29E59F9B1D90FF25001A7540 /* Debug */,
				29E59F9C1D90FF25001A7540 /* Release */,
			);
			defaultConfigurationIsVisible = 0;
			defaultConfigurationName = Release;
		};
		29E59F9D1D90FF25001A7540 /* Build configuration list for PBXNativeTarget "PhotoFiltsterUITests" */ = {
			isa = XCConfigurationList;
			buildConfigurations = (
				29E59F9E1D90FF25001A7540 /* Debug */,
				29E59F9F1D90FF25001A7540 /* Release */,
			);
			defaultConfigurationIsVisible = 0;
			defaultConfigurationName = Release;
		};
		29E59FB51D911909001A7540 /* Build configuration list for PBXNativeTarget "PhotoExtension" */ = {
			isa = XCConfigurationList;
			buildConfigurations = (
				29E59FB61D911909001A7540 /* Debug */,
				29E59FB71D911909001A7540 /* Release */,
			);
			defaultConfigurationIsVisible = 0;
			defaultConfigurationName = Release;
		};
/* End XCConfigurationList section */
	};
	rootObject = 29E59F621D90FF1B001A7540 /* Project object */;
}
